# This file is automatically @generated by Cargo.
# It is not intended for manual editing.
version = 4

[[package]]
name = "anvil"
version = "0.1.0"

[[package]]
name = "anvil_bench"
version = "0.1.0"
dependencies = [
 "anvil",
 "xir-core",
]

[[package]]
name = "codegen"
version = "0.1.0"
dependencies = [
 "xir-core",
 "xir-levels",
]

[[package]]
name = "egraph"
version = "0.1.0"
dependencies = [
 "anvil",
 "xir-core",
 "xir-graph",
]

[[package]]
name = "fusion"
version = "0.1.0"
dependencies = [
 "anvil",
 "xir-core",
 "xir-levels",
]

[[package]]
name = "jit"
version = "0.1.0"
dependencies = [
 "anvil",
 "egraph",
 "fusion",
 "runtime",
 "xir-core",
 "xir-graph",
 "xir-levels",
]

[[package]]
name = "runtime"
version = "0.1.0"
dependencies = [
 "xir-core",
 "xir-levels",
]

[[package]]
name = "sxla-integration-tests"
version = "0.1.0"
dependencies = [
 "anvil",
 "jit",
 "runtime",
 "xir-core",
 "xir-graph",
]

[[package]]
name = "xir-core"
version = "0.1.0"

[[package]]
name = "xir-graph"
version = "0.1.0"
dependencies = [
 "xir-core",
]

[[package]]
name = "xir-levels"
version = "0.1.0"
dependencies = [
 "anvil",
 "xir-core",
 "xir-graph",
]

[[package]]
name = "xla-opt"
version = "0.1.0"
dependencies = [
 "anvil",
 "jit",
 "xir-core",
 "xir-graph",
 "xir-levels",
]

[[package]]
name = "xla-run"
version = "0.1.0"
dependencies = [
 "jit",
 "runtime",
 "xir-core",
 "xir-levels",
]
